
Microsoft Visual Studio Solution File, Format Version 12.00
# Visual Studio Version 17
VisualStudioVersion = 17.9.34728.123
MinimumVisualStudioVersion = 10.0.40219.1
Project("{FAE04EC0-301F-11D3-BF4B-00C04F79EFBC}") = "Area de um quadrado a por diagonal", "Area de um quadrado a por diagonal\Area de um quadrado a por diagonal.csproj", "{0F1C6E5F-6CA1-44BE-82B0-365642244656}"
EndProject
Global
	GlobalSection(SolutionConfigurationPlatforms) = preSolution
		Debug|Any CPU = Debug|Any CPU
		Release|Any CPU = Release|Any CPU
	EndGlobalSection
	GlobalSection(ProjectConfigurationPlatforms) = postSolution
		{0F1C6E5F-6CA1-44BE-82B0-365642244656}.Debug|Any CPU.ActiveCfg = Debug|Any CPU
		{0F1C6E5F-6CA1-44BE-82B0-365642244656}.Debug|Any CPU.Build.0 = Debug|Any CPU
		{0F1C6E5F-6CA1-44BE-82B0-365642244656}.Release|Any CPU.ActiveCfg = Release|Any CPU
		{0F1C6E5F-6CA1-44BE-82B0-365642244656}.Release|Any CPU.Build.0 = Release|Any CPU
	EndGlobalSection
	GlobalSection(SolutionProperties) = preSolution
		HideSolutionNode = FALSE
	EndGlobalSection
	GlobalSection(ExtensibilityGlobals) = postSolution
		SolutionGuid = {CC13549F-EC87-41D9-804D-C69231820929}
	EndGlobalSection
EndGlobal
