
Microsoft Visual Studio Solution File, Format Version 12.00
# Visual Studio Version 17
VisualStudioVersion = 17.9.34728.123
MinimumVisualStudioVersion = 10.0.40219.1
Project("{FAE04EC0-301F-11D3-BF4B-00C04F79EFBC}") = "Dolar para Real", "Dolar para Real\Dolar para Real.csproj", "{7A6D9240-CDA5-4B41-9CD5-8F7542C6748C}"
EndProject
Global
	GlobalSection(SolutionConfigurationPlatforms) = preSolution
		Debug|Any CPU = Debug|Any CPU
		Release|Any CPU = Release|Any CPU
	EndGlobalSection
	GlobalSection(ProjectConfigurationPlatforms) = postSolution
		{7A6D9240-CDA5-4B41-9CD5-8F7542C6748C}.Debug|Any CPU.ActiveCfg = Debug|Any CPU
		{7A6D9240-CDA5-4B41-9CD5-8F7542C6748C}.Debug|Any CPU.Build.0 = Debug|Any CPU
		{7A6D9240-CDA5-4B41-9CD5-8F7542C6748C}.Release|Any CPU.ActiveCfg = Release|Any CPU
		{7A6D9240-CDA5-4B41-9CD5-8F7542C6748C}.Release|Any CPU.Build.0 = Release|Any CPU
	EndGlobalSection
	GlobalSection(SolutionProperties) = preSolution
		HideSolutionNode = FALSE
	EndGlobalSection
	GlobalSection(ExtensibilityGlobals) = postSolution
		SolutionGuid = {8EFC75CA-2042-4589-92C7-6A67AC81CF6B}
	EndGlobalSection
EndGlobal
