
Microsoft Visual Studio Solution File, Format Version 12.00
# Visual Studio Version 17
VisualStudioVersion = 17.9.34728.123
MinimumVisualStudioVersion = 10.0.40219.1
Project("{FAE04EC0-301F-11D3-BF4B-00C04F79EFBC}") = "Media aritmetica", "Media aritmetica\Media aritmetica.csproj", "{1E0593E6-0D4A-438B-987C-B61F2D930520}"
EndProject
Global
	GlobalSection(SolutionConfigurationPlatforms) = preSolution
		Debug|Any CPU = Debug|Any CPU
		Release|Any CPU = Release|Any CPU
	EndGlobalSection
	GlobalSection(ProjectConfigurationPlatforms) = postSolution
		{1E0593E6-0D4A-438B-987C-B61F2D930520}.Debug|Any CPU.ActiveCfg = Debug|Any CPU
		{1E0593E6-0D4A-438B-987C-B61F2D930520}.Debug|Any CPU.Build.0 = Debug|Any CPU
		{1E0593E6-0D4A-438B-987C-B61F2D930520}.Release|Any CPU.ActiveCfg = Release|Any CPU
		{1E0593E6-0D4A-438B-987C-B61F2D930520}.Release|Any CPU.Build.0 = Release|Any CPU
	EndGlobalSection
	GlobalSection(SolutionProperties) = preSolution
		HideSolutionNode = FALSE
	EndGlobalSection
	GlobalSection(ExtensibilityGlobals) = postSolution
		SolutionGuid = {34355494-2BB4-4144-B074-56C0F54312CD}
	EndGlobalSection
EndGlobal
